github.com/davecgh/go-spew v1.1.1 h1:vj9j/u1bqnvCEfJOwUhtlOARqs3+rkHYY13jYWTU97c=
github.com/davecgh/go-spew v1.1.1/go.mod h1:J7Y8YcW2NihsgmVo/mv3lAwl/skON4iLHjSsI+c5H38=
github.com/dchest/blake256 v1.1.0 h1:4AuEhGPT/3TTKFhTfBpZ8hgZE7wJpawcYaEawwsbtqM=
github.com/dchest/blake256 v1.1.0/go.mod h1:xXNWCE1jsAP8DAjP+rKw2MbeqLczjI3TRx2VK+9OEYY=
